
Microsoft Visual Studio Solution File, Format Version 12.00
# Visual Studio Version 16
VisualStudioVersion = 16.0.30804.86
MinimumVisualStudioVersion = 10.0.40219.1
Project("{FAE04EC0-301F-11D3-BF4B-00C04F79EFBC}") = "Art", "Art\Art.csproj", "{4A05C60B-4E4E-4988-A7AC-404B32F43535}"
EndProject
Global
	GlobalSection(SolutionConfigurationPlatforms) = preSolution
		Debug|Any CPU = Debug|Any CPU
		Release|Any CPU = Release|Any CPU
	EndGlobalSection
	GlobalSection(ProjectConfigurationPlatforms) = postSolution
		{4A05C60B-4E4E-4988-A7AC-404B32F43535}.Debug|Any CPU.ActiveCfg = Debug|Any CPU
		{4A05C60B-4E4E-4988-A7AC-404B32F43535}.Debug|Any CPU.Build.0 = Debug|Any CPU
		{4A05C60B-4E4E-4988-A7AC-404B32F43535}.Release|Any CPU.ActiveCfg = Release|Any CPU
		{4A05C60B-4E4E-4988-A7AC-404B32F43535}.Release|Any CPU.Build.0 = Release|Any CPU
	EndGlobalSection
	GlobalSection(SolutionProperties) = preSolution
		HideSolutionNode = FALSE
	EndGlobalSection
	GlobalSection(ExtensibilityGlobals) = postSolution
		SolutionGuid = {B0E12765-A144-47E7-BD04-336CF86CBB84}
	EndGlobalSection
EndGlobal
